
Microsoft Visual Studio Solution File, Format Version 12.00
# Visual Studio Version 16
VisualStudioVersion = 16.0.31112.23
MinimumVisualStudioVersion = 10.0.40219.1
Project("{9A19103F-16F7-4668-BE54-9A1E7A4F7556}") = "Hamza_Plantville_Core", "Hamza_Plantville\Hamza_Plantville_Core.csproj", "{A3687FED-A39D-41E1-A596-710AB3305160}"
EndProject
Global
	GlobalSection(SolutionConfigurationPlatforms) = preSolution
		Debug|Any CPU = Debug|Any CPU
		Release|Any CPU = Release|Any CPU
	EndGlobalSection
	GlobalSection(ProjectConfigurationPlatforms) = postSolution
		{91AC2809-232F-4A85-AF61-55CA657C406E}.Debug|Any CPU.ActiveCfg = Debug|Any CPU
		{91AC2809-232F-4A85-AF61-55CA657C406E}.Debug|Any CPU.Build.0 = Debug|Any CPU
		{91AC2809-232F-4A85-AF61-55CA657C406E}.Release|Any CPU.ActiveCfg = Release|Any CPU
		{91AC2809-232F-4A85-AF61-55CA657C406E}.Release|Any CPU.Build.0 = Release|Any CPU
		{A3687FED-A39D-41E1-A596-710AB3305160}.Debug|Any CPU.ActiveCfg = Debug|Any CPU
		{A3687FED-A39D-41E1-A596-710AB3305160}.Debug|Any CPU.Build.0 = Debug|Any CPU
		{A3687FED-A39D-41E1-A596-710AB3305160}.Release|Any CPU.ActiveCfg = Release|Any CPU
		{A3687FED-A39D-41E1-A596-710AB3305160}.Release|Any CPU.Build.0 = Release|Any CPU
	EndGlobalSection
	GlobalSection(SolutionProperties) = preSolution
		HideSolutionNode = FALSE
	EndGlobalSection
	GlobalSection(ExtensibilityGlobals) = postSolution
		SolutionGuid = {79A6E930-396E-4375-B3F4-018B274375AE}
	EndGlobalSection
EndGlobal
